
Microsoft Visual Studio Solution File, Format Version 12.00
# Visual Studio Version 16
VisualStudioVersion = 16.0.30011.22
MinimumVisualStudioVersion = 10.0.40219.1
Project("{8BC9CEB8-8B4A-11D0-8D11-00A0C91BC942}") = "hidapiw_native", "hidapiw\hidapiw_native\hidapiw_native.vcxproj", "{3D753EEE-D6A9-4F23-A28E-188ED637A991}"
EndProject
Project("{8BC9CEB8-8B4A-11D0-8D11-00A0C91BC942}") = "hidapiw", "hidapiw\hidapiw\hidapiw.vcxproj", "{707EB569-886D-480C-BB86-1A3787B71BEC}"
EndProject
Project("{9A19103F-16F7-4668-BE54-9A1E7A4F7556}") = "Events", "Events\Events.csproj", "{D6B496B2-8A52-4354-ACA1-AAA329836911}"
EndProject
Project("{8BC9CEB8-8B4A-11D0-8D11-00A0C91BC942}") = "stm", "stm\stm.vcxproj", "{FF0D3D9E-4162-430C-A275-E0743E776C9A}"
EndProject
Project("{8BC9CEB8-8B4A-11D0-8D11-00A0C91BC942}") = "stmCLIw", "stmCLIw\stmCLIw.vcxproj", "{91549300-B30A-4904-9297-9B294A3BF9F2}"
EndProject
Project("{9A19103F-16F7-4668-BE54-9A1E7A4F7556}") = "UsbHIDControl", "UsbHIDControl\UsbHIDControl.csproj", "{03C45D3F-12B7-4196-BC70-7DF9941C7831}"
EndProject
Global
	GlobalSection(SolutionConfigurationPlatforms) = preSolution
		Debug|Any CPU = Debug|Any CPU
		Debug|Start All = Debug|Start All
		Debug|VisualGDB = Debug|VisualGDB
		Debug|x64 = Debug|x64
		Debug|x86 = Debug|x86
		Release|Any CPU = Release|Any CPU
		Release|Start All = Release|Start All
		Release|VisualGDB = Release|VisualGDB
		Release|x64 = Release|x64
		Release|x86 = Release|x86
	EndGlobalSection
	GlobalSection(ProjectConfigurationPlatforms) = postSolution
		{3D753EEE-D6A9-4F23-A28E-188ED637A991}.Debug|Any CPU.ActiveCfg = Debug|Win32
		{3D753EEE-D6A9-4F23-A28E-188ED637A991}.Debug|Start All.ActiveCfg = Debug|Win32
		{3D753EEE-D6A9-4F23-A28E-188ED637A991}.Debug|VisualGDB.ActiveCfg = Debug|Win32
		{3D753EEE-D6A9-4F23-A28E-188ED637A991}.Debug|x64.ActiveCfg = Debug|x64
		{3D753EEE-D6A9-4F23-A28E-188ED637A991}.Debug|x64.Build.0 = Debug|x64
		{3D753EEE-D6A9-4F23-A28E-188ED637A991}.Debug|x86.ActiveCfg = Debug|Win32
		{3D753EEE-D6A9-4F23-A28E-188ED637A991}.Debug|x86.Build.0 = Debug|Win32
		{3D753EEE-D6A9-4F23-A28E-188ED637A991}.Release|Any CPU.ActiveCfg = Release|Win32
		{3D753EEE-D6A9-4F23-A28E-188ED637A991}.Release|Start All.ActiveCfg = Release|Win32
		{3D753EEE-D6A9-4F23-A28E-188ED637A991}.Release|VisualGDB.ActiveCfg = Release|Win32
		{3D753EEE-D6A9-4F23-A28E-188ED637A991}.Release|x64.ActiveCfg = Release|x64
		{3D753EEE-D6A9-4F23-A28E-188ED637A991}.Release|x64.Build.0 = Release|x64
		{3D753EEE-D6A9-4F23-A28E-188ED637A991}.Release|x86.ActiveCfg = Release|Win32
		{3D753EEE-D6A9-4F23-A28E-188ED637A991}.Release|x86.Build.0 = Release|Win32
		{707EB569-886D-480C-BB86-1A3787B71BEC}.Debug|Any CPU.ActiveCfg = Debug|Win32
		{707EB569-886D-480C-BB86-1A3787B71BEC}.Debug|Start All.ActiveCfg = Debug|Win32
		{707EB569-886D-480C-BB86-1A3787B71BEC}.Debug|VisualGDB.ActiveCfg = Debug|Win32
		{707EB569-886D-480C-BB86-1A3787B71BEC}.Debug|x64.ActiveCfg = Debug|x64
		{707EB569-886D-480C-BB86-1A3787B71BEC}.Debug|x64.Build.0 = Debug|x64
		{707EB569-886D-480C-BB86-1A3787B71BEC}.Debug|x86.ActiveCfg = Debug|Win32
		{707EB569-886D-480C-BB86-1A3787B71BEC}.Debug|x86.Build.0 = Debug|Win32
		{707EB569-886D-480C-BB86-1A3787B71BEC}.Release|Any CPU.ActiveCfg = Release|Win32
		{707EB569-886D-480C-BB86-1A3787B71BEC}.Release|Start All.ActiveCfg = Release|Win32
		{707EB569-886D-480C-BB86-1A3787B71BEC}.Release|VisualGDB.ActiveCfg = Release|Win32
		{707EB569-886D-480C-BB86-1A3787B71BEC}.Release|x64.ActiveCfg = Release|x64
		{707EB569-886D-480C-BB86-1A3787B71BEC}.Release|x64.Build.0 = Release|x64
		{707EB569-886D-480C-BB86-1A3787B71BEC}.Release|x86.ActiveCfg = Release|Win32
		{707EB569-886D-480C-BB86-1A3787B71BEC}.Release|x86.Build.0 = Release|Win32
		{D6B496B2-8A52-4354-ACA1-AAA329836911}.Debug|Any CPU.ActiveCfg = Debug|Any CPU
		{D6B496B2-8A52-4354-ACA1-AAA329836911}.Debug|Any CPU.Build.0 = Debug|Any CPU
		{D6B496B2-8A52-4354-ACA1-AAA329836911}.Debug|Start All.ActiveCfg = Debug|Any CPU
		{D6B496B2-8A52-4354-ACA1-AAA329836911}.Debug|Start All.Build.0 = Debug|Any CPU
		{D6B496B2-8A52-4354-ACA1-AAA329836911}.Debug|VisualGDB.ActiveCfg = Debug|Any CPU
		{D6B496B2-8A52-4354-ACA1-AAA329836911}.Debug|VisualGDB.Build.0 = Debug|Any CPU
		{D6B496B2-8A52-4354-ACA1-AAA329836911}.Debug|x64.ActiveCfg = Debug|x64
		{D6B496B2-8A52-4354-ACA1-AAA329836911}.Debug|x64.Build.0 = Debug|x64
		{D6B496B2-8A52-4354-ACA1-AAA329836911}.Debug|x86.ActiveCfg = Debug|x86
		{D6B496B2-8A52-4354-ACA1-AAA329836911}.Debug|x86.Build.0 = Debug|x86
		{D6B496B2-8A52-4354-ACA1-AAA329836911}.Release|Any CPU.ActiveCfg = Release|Any CPU
		{D6B496B2-8A52-4354-ACA1-AAA329836911}.Release|Any CPU.Build.0 = Release|Any CPU
		{D6B496B2-8A52-4354-ACA1-AAA329836911}.Release|Start All.ActiveCfg = Release|Any CPU
		{D6B496B2-8A52-4354-ACA1-AAA329836911}.Release|Start All.Build.0 = Release|Any CPU
		{D6B496B2-8A52-4354-ACA1-AAA329836911}.Release|VisualGDB.ActiveCfg = Release|Any CPU
		{D6B496B2-8A52-4354-ACA1-AAA329836911}.Release|VisualGDB.Build.0 = Release|Any CPU
		{D6B496B2-8A52-4354-ACA1-AAA329836911}.Release|x64.ActiveCfg = Release|x64
		{D6B496B2-8A52-4354-ACA1-AAA329836911}.Release|x64.Build.0 = Release|x64
		{D6B496B2-8A52-4354-ACA1-AAA329836911}.Release|x86.ActiveCfg = Release|x86
		{D6B496B2-8A52-4354-ACA1-AAA329836911}.Release|x86.Build.0 = Release|x86
		{FF0D3D9E-4162-430C-A275-E0743E776C9A}.Debug|Any CPU.ActiveCfg = Debug|VisualGDB
		{FF0D3D9E-4162-430C-A275-E0743E776C9A}.Debug|Start All.ActiveCfg = Debug|VisualGDB
		{FF0D3D9E-4162-430C-A275-E0743E776C9A}.Debug|VisualGDB.ActiveCfg = Debug|VisualGDB
		{FF0D3D9E-4162-430C-A275-E0743E776C9A}.Debug|VisualGDB.Build.0 = Debug|VisualGDB
		{FF0D3D9E-4162-430C-A275-E0743E776C9A}.Debug|x64.ActiveCfg = Debug|VisualGDB
		{FF0D3D9E-4162-430C-A275-E0743E776C9A}.Debug|x86.ActiveCfg = Debug|VisualGDB
		{FF0D3D9E-4162-430C-A275-E0743E776C9A}.Release|Any CPU.ActiveCfg = Release|VisualGDB
		{FF0D3D9E-4162-430C-A275-E0743E776C9A}.Release|Start All.ActiveCfg = Release|VisualGDB
		{FF0D3D9E-4162-430C-A275-E0743E776C9A}.Release|VisualGDB.ActiveCfg = Release|VisualGDB
		{FF0D3D9E-4162-430C-A275-E0743E776C9A}.Release|VisualGDB.Build.0 = Release|VisualGDB
		{FF0D3D9E-4162-430C-A275-E0743E776C9A}.Release|x64.ActiveCfg = Release|VisualGDB
		{FF0D3D9E-4162-430C-A275-E0743E776C9A}.Release|x86.ActiveCfg = Release|VisualGDB
		{91549300-B30A-4904-9297-9B294A3BF9F2}.Debug|Any CPU.ActiveCfg = Debug|Win32
		{91549300-B30A-4904-9297-9B294A3BF9F2}.Debug|Start All.ActiveCfg = Debug|Win32
		{91549300-B30A-4904-9297-9B294A3BF9F2}.Debug|VisualGDB.ActiveCfg = Debug|Win32
		{91549300-B30A-4904-9297-9B294A3BF9F2}.Debug|x64.ActiveCfg = Debug|x64
		{91549300-B30A-4904-9297-9B294A3BF9F2}.Debug|x64.Build.0 = Debug|x64
		{91549300-B30A-4904-9297-9B294A3BF9F2}.Debug|x86.ActiveCfg = Debug|Win32
		{91549300-B30A-4904-9297-9B294A3BF9F2}.Debug|x86.Build.0 = Debug|Win32
		{91549300-B30A-4904-9297-9B294A3BF9F2}.Release|Any CPU.ActiveCfg = Release|Win32
		{91549300-B30A-4904-9297-9B294A3BF9F2}.Release|Start All.ActiveCfg = Release|Win32
		{91549300-B30A-4904-9297-9B294A3BF9F2}.Release|VisualGDB.ActiveCfg = Release|Win32
		{91549300-B30A-4904-9297-9B294A3BF9F2}.Release|x64.ActiveCfg = Release|x64
		{91549300-B30A-4904-9297-9B294A3BF9F2}.Release|x64.Build.0 = Release|x64
		{91549300-B30A-4904-9297-9B294A3BF9F2}.Release|x86.ActiveCfg = Release|Win32
		{91549300-B30A-4904-9297-9B294A3BF9F2}.Release|x86.Build.0 = Release|Win32
		{03C45D3F-12B7-4196-BC70-7DF9941C7831}.Debug|Any CPU.ActiveCfg = Debug|x86
		{03C45D3F-12B7-4196-BC70-7DF9941C7831}.Debug|Start All.ActiveCfg = Debug|x86
		{03C45D3F-12B7-4196-BC70-7DF9941C7831}.Debug|VisualGDB.ActiveCfg = Debug|x86
		{03C45D3F-12B7-4196-BC70-7DF9941C7831}.Debug|x64.ActiveCfg = Debug|x64
		{03C45D3F-12B7-4196-BC70-7DF9941C7831}.Debug|x64.Build.0 = Debug|x64
		{03C45D3F-12B7-4196-BC70-7DF9941C7831}.Debug|x86.ActiveCfg = Debug|x86
		{03C45D3F-12B7-4196-BC70-7DF9941C7831}.Debug|x86.Build.0 = Debug|x86
		{03C45D3F-12B7-4196-BC70-7DF9941C7831}.Release|Any CPU.ActiveCfg = Release|x86
		{03C45D3F-12B7-4196-BC70-7DF9941C7831}.Release|Start All.ActiveCfg = Release|x86
		{03C45D3F-12B7-4196-BC70-7DF9941C7831}.Release|VisualGDB.ActiveCfg = Release|x86
		{03C45D3F-12B7-4196-BC70-7DF9941C7831}.Release|x64.ActiveCfg = Release|x64
		{03C45D3F-12B7-4196-BC70-7DF9941C7831}.Release|x64.Build.0 = Release|x64
		{03C45D3F-12B7-4196-BC70-7DF9941C7831}.Release|x86.ActiveCfg = Release|x86
		{03C45D3F-12B7-4196-BC70-7DF9941C7831}.Release|x86.Build.0 = Release|x86
	EndGlobalSection
	GlobalSection(SolutionProperties) = preSolution
		HideSolutionNode = FALSE
	EndGlobalSection
	GlobalSection(ExtensibilityGlobals) = postSolution
		SolutionGuid = {89EF6290-BB75-4A30-BE14-2B811B54C420}
	EndGlobalSection
EndGlobal
