
Microsoft Visual Studio Solution File, Format Version 12.00
# Visual Studio 15
VisualStudioVersion = 15.0.27428.2005
MinimumVisualStudioVersion = 10.0.40219.1
Project("{FAE04EC0-301F-11D3-BF4B-00C04F79EFBC}") = "controlExtension", "controlExtension\controlExtension.csproj", "{D2CB7C11-0A80-4B1A-8B97-6A92BF52AFEC}"
EndProject
Global
	GlobalSection(SolutionConfigurationPlatforms) = preSolution
		Debug|Any CPU = Debug|Any CPU
		Release|Any CPU = Release|Any CPU
	EndGlobalSection
	GlobalSection(ProjectConfigurationPlatforms) = postSolution
		{D2CB7C11-0A80-4B1A-8B97-6A92BF52AFEC}.Debug|Any CPU.ActiveCfg = Debug|Any CPU
		{D2CB7C11-0A80-4B1A-8B97-6A92BF52AFEC}.Debug|Any CPU.Build.0 = Debug|Any CPU
		{D2CB7C11-0A80-4B1A-8B97-6A92BF52AFEC}.Release|Any CPU.ActiveCfg = Release|Any CPU
		{D2CB7C11-0A80-4B1A-8B97-6A92BF52AFEC}.Release|Any CPU.Build.0 = Release|Any CPU
	EndGlobalSection
	GlobalSection(SolutionProperties) = preSolution
		HideSolutionNode = FALSE
	EndGlobalSection
	GlobalSection(ExtensibilityGlobals) = postSolution
		SolutionGuid = {F1A282B2-DDF9-4DB1-8A64-65B9497499FC}
	EndGlobalSection
EndGlobal
